<?xml version="1.0" encoding="utf-8"?>
<Project ToolsVersion="4.0" xmlns="http://schemas.microsoft.com/developer/msbuild/2003">
  <ItemGroup>
    <ClCompile Include="autowhite.cpp" />
    <ClCompile Include="neutralwhite.cpp" />
    <ClCompile Include="ModuleManager.cpp" />
    <ClCompile Include="median_noise.cpp" />
    <ClCompile Include="adaptive_median.cpp" />
    <ClCompile Include="nlmean.cpp" />
    <ClCompile Include="bilinear_bayer.cpp" />
    <ClCompile Include="nlmean_ui.cpp" />
    <ClCompile Include="tmp\moc_nlmean_ui.cpp">
      <Filter>moc</Filter>
    </ClCompile>
    <ClCompile Include="median_noise_ui.cpp" />
    <ClCompile Include="tmp\moc_median_noise_ui.cpp">
      <Filter>moc</Filter>
    </ClCompile>
    <ClCompile Include="tmp\moc_median_filter_ui.cpp">
      <Filter>moc</Filter>
    </ClCompile>
    <ClCompile Include="New Plugins\median_filter.cpp">
      <Filter>vijesh</Filter>
    </ClCompile>
    <ClCompile Include="New Plugins\median_filter_ui.cpp">
      <Filter>vijesh</Filter>
    </ClCompile>
    <ClCompile Include="New Plugins\conservative_filter.cpp">
      <Filter>vijesh</Filter>
    </ClCompile>
    <ClCompile Include="New Plugins\conservative_filter_ui.cpp">
      <Filter>vijesh</Filter>
    </ClCompile>
    <ClCompile Include="tmp\moc_conservative_filter_ui.cpp">
      <Filter>moc</Filter>
    </ClCompile>
    <ClCompile Include="New Plugins\gamma_corr.cpp">
      <Filter>vijesh</Filter>
    </ClCompile>
    <ClCompile Include="New Plugins\gamma_corr_ui.cpp">
      <Filter>vijesh</Filter>
    </ClCompile>
    <ClCompile Include="tmp\moc_gamma_corr_ui.cpp">
      <Filter>moc</Filter>
    </ClCompile>
  </ItemGroup>
  <ItemGroup>
    <ClInclude Include="autowhite.h" />
    <ClInclude Include="neutralwhite.h" />
    <ClInclude Include="median_noise.h" />
    <ClInclude Include="adaptive_median.h" />
    <ClInclude Include="nlmean.h" />
    <ClInclude Include="bilinear_bayer.h" />
    <ClInclude Include="nlmean_ui.h" />
    <ClInclude Include="median_noise_ui.h" />
    <ClInclude Include="New Plugins\median_filter.h">
      <Filter>vijesh</Filter>
    </ClInclude>
    <ClInclude Include="New Plugins\median_filter_ui.h">
      <Filter>vijesh</Filter>
    </ClInclude>
    <ClInclude Include="New Plugins\conservative_filter.h">
      <Filter>vijesh</Filter>
    </ClInclude>
    <ClInclude Include="New Plugins\conservative_filter_ui.h">
      <Filter>vijesh</Filter>
    </ClInclude>
    <ClInclude Include="New Plugins\gamma_corr.h">
      <Filter>vijesh</Filter>
    </ClInclude>
    <ClInclude Include="New Plugins\gamma_corr_ui.h">
      <Filter>vijesh</Filter>
    </ClInclude>
    <ClInclude Include="New Plugins\ui_gamma_corr_ui.h">
      <Filter>vijesh</Filter>
    </ClInclude>
  </ItemGroup>
  <ItemGroup>
    <Filter Include="moc">
      <UniqueIdentifier>{747f8172-ee43-492b-9c01-be5a6eaff6b3}</UniqueIdentifier>
    </Filter>
    <Filter Include="vijesh">
      <UniqueIdentifier>{07833dd0-8375-4324-8790-d98bcbfadb9d}</UniqueIdentifier>
    </Filter>
  </ItemGroup>
</Project>